
Microsoft Visual Studio Solution File, Format Version 12.00
# Visual Studio Version 17
VisualStudioVersion = 17.8.34330.188
MinimumVisualStudioVersion = 10.0.40219.1
Project("{FAE04EC0-301F-11D3-BF4B-00C04F79EFBC}") = "quanlyrapphim", "quanlyrapphim\quanlyrapphim.csproj", "{50174DD3-2A2B-49EC-B6D5-DF50AC77C4F3}"
EndProject
Global
	GlobalSection(SolutionConfigurationPlatforms) = preSolution
		Debug|Any CPU = Debug|Any CPU
		Release|Any CPU = Release|Any CPU
	EndGlobalSection
	GlobalSection(ProjectConfigurationPlatforms) = postSolution
		{50174DD3-2A2B-49EC-B6D5-DF50AC77C4F3}.Debug|Any CPU.ActiveCfg = Debug|Any CPU
		{50174DD3-2A2B-49EC-B6D5-DF50AC77C4F3}.Debug|Any CPU.Build.0 = Debug|Any CPU
		{50174DD3-2A2B-49EC-B6D5-DF50AC77C4F3}.Release|Any CPU.ActiveCfg = Release|Any CPU
		{50174DD3-2A2B-49EC-B6D5-DF50AC77C4F3}.Release|Any CPU.Build.0 = Release|Any CPU
	EndGlobalSection
	GlobalSection(SolutionProperties) = preSolution
		HideSolutionNode = FALSE
	EndGlobalSection
	GlobalSection(ExtensibilityGlobals) = postSolution
		SolutionGuid = {4285FE11-DC55-49D7-96A7-77BCD84E8E5F}
	EndGlobalSection
EndGlobal
